
Microsoft Visual Studio Solution File, Format Version 12.00
# Visual Studio Version 17
VisualStudioVersion = 17.9.34728.123
MinimumVisualStudioVersion = 10.0.40219.1
Project("{9A19103F-16F7-4668-BE54-9A1E7A4F7556}") = "TaskBoardAPI", "TaskBoardAPI.csproj", "{DC2D1CA3-0BFB-450A-8F67-314D11BCF9C6}"
EndProject
Project("{FAE04EC0-301F-11D3-BF4B-00C04F79EFBC}") = "DataAccess", "..\DataAccess\DataAccess.csproj", "{64C07B19-E932-46F5-8F43-25C3F8E92A8C}"
EndProject
Global
	GlobalSection(SolutionConfigurationPlatforms) = preSolution
		Debug|Any CPU = Debug|Any CPU
		Release|Any CPU = Release|Any CPU
	EndGlobalSection
	GlobalSection(ProjectConfigurationPlatforms) = postSolution
		{DC2D1CA3-0BFB-450A-8F67-314D11BCF9C6}.Debug|Any CPU.ActiveCfg = Debug|Any CPU
		{DC2D1CA3-0BFB-450A-8F67-314D11BCF9C6}.Debug|Any CPU.Build.0 = Debug|Any CPU
		{DC2D1CA3-0BFB-450A-8F67-314D11BCF9C6}.Release|Any CPU.ActiveCfg = Release|Any CPU
		{DC2D1CA3-0BFB-450A-8F67-314D11BCF9C6}.Release|Any CPU.Build.0 = Release|Any CPU
		{64C07B19-E932-46F5-8F43-25C3F8E92A8C}.Debug|Any CPU.ActiveCfg = Debug|Any CPU
		{64C07B19-E932-46F5-8F43-25C3F8E92A8C}.Debug|Any CPU.Build.0 = Debug|Any CPU
		{64C07B19-E932-46F5-8F43-25C3F8E92A8C}.Release|Any CPU.ActiveCfg = Release|Any CPU
		{64C07B19-E932-46F5-8F43-25C3F8E92A8C}.Release|Any CPU.Build.0 = Release|Any CPU
	EndGlobalSection
	GlobalSection(SolutionProperties) = preSolution
		HideSolutionNode = FALSE
	EndGlobalSection
	GlobalSection(ExtensibilityGlobals) = postSolution
		SolutionGuid = {B159F1D5-F9CA-4D6B-9E5F-937D1DB8A908}
	EndGlobalSection
EndGlobal
